
Microsoft Visual Studio Solution File, Format Version 12.00
# Visual Studio Version 16
VisualStudioVersion = 16.0.31321.278
MinimumVisualStudioVersion = 10.0.40219.1
Project("{FAE04EC0-301F-11D3-BF4B-00C04F79EFBC}") = "NumberPredicting", "NumberPredicting.csproj", "{0896C530-641D-4AE7-B364-8D11A466B472}"
EndProject
Global
	GlobalSection(SolutionConfigurationPlatforms) = preSolution
		Debug|Any CPU = Debug|Any CPU
		Release|Any CPU = Release|Any CPU
	EndGlobalSection
	GlobalSection(ProjectConfigurationPlatforms) = postSolution
		{0896C530-641D-4AE7-B364-8D11A466B472}.Debug|Any CPU.ActiveCfg = Debug|Any CPU
		{0896C530-641D-4AE7-B364-8D11A466B472}.Debug|Any CPU.Build.0 = Debug|Any CPU
		{0896C530-641D-4AE7-B364-8D11A466B472}.Release|Any CPU.ActiveCfg = Release|Any CPU
		{0896C530-641D-4AE7-B364-8D11A466B472}.Release|Any CPU.Build.0 = Release|Any CPU
	EndGlobalSection
	GlobalSection(SolutionProperties) = preSolution
		HideSolutionNode = FALSE
	EndGlobalSection
	GlobalSection(ExtensibilityGlobals) = postSolution
		SolutionGuid = {455D2E31-FB1B-4A21-B9A0-80F89242C0C8}
	EndGlobalSection
EndGlobal
